
Microsoft Visual Studio Solution File, Format Version 12.00
Project("{FAE04EC0-301F-11D3-BF4B-00C04F79EFBC}") = "DynamoSharp", "DynamoSharp\DynamoSharp.csproj", "{68CC8CFF-81A9-4D31-AFA6-32076E304AAC}"
EndProject
Project("{FAE04EC0-301F-11D3-BF4B-00C04F79EFBC}") = "DynamoSharp.Tests", "DynamoSharp.Tests\DynamoSharp.Tests.csproj", "{B5A96A20-AF1D-42E3-A5FD-4EEBA49730D1}"
EndProject
Project("{2150E333-8FDC-42A3-9474-1A3956D46DE8}") = "DynamoSharp.Examples", "DynamoSharp.Examples", "{DF248A03-2083-40AC-AFFA-9EDD01504631}"
EndProject
Project("{FAE04EC0-301F-11D3-BF4B-00C04F79EFBC}") = "AscendingAndDescenting", "DynamoSharp.Examples\AscendingAndDescenting\AscendingAndDescenting.csproj", "{69BFA68D-5538-4CAE-A92B-E20F189A23DC}"
EndProject
Project("{FAE04EC0-301F-11D3-BF4B-00C04F79EFBC}") = "CompositeKeysWithHierarchicalData", "DynamoSharp.Examples\CompositeKeysWithHierarchicalData\CompositeKeysWithHierarchicalData.csproj", "{AE6C4651-E12B-44A8-BCEF-B9CB9FCD647A}"
EndProject
Project("{FAE04EC0-301F-11D3-BF4B-00C04F79EFBC}") = "GlobalSecondaryIndex", "DynamoSharp.Examples\GlobalSecondaryIndex\GlobalSecondaryIndex.csproj", "{AB422EA5-98C6-481C-845E-B783F5DB497E}"
EndProject
Project("{FAE04EC0-301F-11D3-BF4B-00C04F79EFBC}") = "GlobalSecondaryIndexQueryPk", "DynamoSharp.Examples\GlobalSecondaryIndexQueryPk\GlobalSecondaryIndexQueryPk.csproj", "{18BA5984-BD46-4322-AFCA-4CBDC2625D49}"
EndProject
Project("{FAE04EC0-301F-11D3-BF4B-00C04F79EFBC}") = "GlobalSecondaryIndexQueryPkAndSk", "DynamoSharp.Examples\GlobalSecondaryIndexQueryPkAndSk\GlobalSecondaryIndexQueryPkAndSk.csproj", "{A65DA749-C7F2-4E2B-A4EA-B332B86A7382}"
EndProject
Project("{FAE04EC0-301F-11D3-BF4B-00C04F79EFBC}") = "ManyToMany", "DynamoSharp.Examples\ManyToMany\ManyToMany.csproj", "{DB1CE61E-5667-4061-AE25-AEE96FF92770}"
EndProject
Project("{FAE04EC0-301F-11D3-BF4B-00C04F79EFBC}") = "ManyToManyQuery", "DynamoSharp.Examples\ManyToManyQuery\ManyToManyQuery.csproj", "{A940CFFA-9511-45D1-96FC-828DAC305D1E}"
EndProject
Project("{FAE04EC0-301F-11D3-BF4B-00C04F79EFBC}") = "ManyToManyWithCustomPrimaryKey", "DynamoSharp.Examples\ManyToManyWithCustomPrimaryKey\ManyToManyWithCustomPrimaryKey.csproj", "{96255815-9BF9-47BB-A338-E89CF2E5A68F}"
EndProject
Project("{FAE04EC0-301F-11D3-BF4B-00C04F79EFBC}") = "ManyToManyWithCustomPrimaryKeyQuery", "DynamoSharp.Examples\ManyToManyWithCustomPrimaryKeyQuery\ManyToManyWithCustomPrimaryKeyQuery.csproj", "{2405DB76-6D1E-48E8-ACDC-AC38AB359D88}"
EndProject
Project("{FAE04EC0-301F-11D3-BF4B-00C04F79EFBC}") = "OneToMany", "DynamoSharp.Examples\OneToMany\OneToMany.csproj", "{69C6776B-85E5-4757-8399-D75A59F7ADE8}"
EndProject
Project("{FAE04EC0-301F-11D3-BF4B-00C04F79EFBC}") = "OneToManyWithCustomPrimaryKey", "DynamoSharp.Examples\OneToManyWithCustomPrimaryKey\OneToManyWithCustomPrimaryKey.csproj", "{13E4EAFD-AA9F-4820-84A9-1E37A9EEBB53}"
EndProject
Project("{FAE04EC0-301F-11D3-BF4B-00C04F79EFBC}") = "OneToManyWithCustomPrimaryKeyQueryPk", "DynamoSharp.Examples\OneToManyWithCustomPrimaryKeyQueryPk\OneToManyWithCustomPrimaryKeyQueryPk.csproj", "{D4746C21-2CC6-4F77-B690-58738C760AD4}"
EndProject
Project("{FAE04EC0-301F-11D3-BF4B-00C04F79EFBC}") = "OptimisticLockingSave", "DynamoSharp.Examples\OptimisticLockingSave\OptimisticLockingSave.csproj", "{6D872E55-AEE4-43A9-97A7-E1EE7E639D53}"
EndProject
Project("{FAE04EC0-301F-11D3-BF4B-00C04F79EFBC}") = "OptimisticLockingUpdate", "DynamoSharp.Examples\OptimisticLockingUpdate\OptimisticLockingUpdate.csproj", "{38DD6809-6FAE-482D-9B34-D08B79619F5E}"
EndProject
Project("{FAE04EC0-301F-11D3-BF4B-00C04F79EFBC}") = "Pagination", "DynamoSharp.Examples\Pagination\Pagination.csproj", "{1CF1F3ED-E684-4A98-9341-2B4EE513134F}"
EndProject
Project("{FAE04EC0-301F-11D3-BF4B-00C04F79EFBC}") = "PrimaryKeyUsingNestedProperties", "DynamoSharp.Examples\PrimaryKeyUsingNestedProperties\PrimaryKeyUsingNestedProperties.csproj", "{3F6DE751-5C59-4BD5-BDCC-1C683C6D3269}"
EndProject
Project("{FAE04EC0-301F-11D3-BF4B-00C04F79EFBC}") = "SimplePrimaryKey", "DynamoSharp.Examples\SimplePrimaryKey\SimplePrimaryKey.csproj", "{88CFDE9E-814E-4A12-BFD1-0335D1BF313C}"
EndProject
Project("{FAE04EC0-301F-11D3-BF4B-00C04F79EFBC}") = "SortKeyWithHierarchicalData", "DynamoSharp.Examples\SortKeyWithHierarchicalData\SortKeyWithHierarchicalData.csproj", "{F14F0E95-6B56-4FA6-933E-083F5D1006A5}"
EndProject
Project("{FAE04EC0-301F-11D3-BF4B-00C04F79EFBC}") = "SortKeyWithHierarchicalDataQuery", "DynamoSharp.Examples\SortKeyWithHierarchicalDataQuery\SortKeyWithHierarchicalDataQuery.csproj", "{C1AF0BE6-FB46-413B-BD64-054E3D1CF11B}"
EndProject
Project("{FAE04EC0-301F-11D3-BF4B-00C04F79EFBC}") = "SparseIndex", "DynamoSharp.Examples\SparseIndex\SparseIndex.csproj", "{949B5686-8C1A-4107-AF07-DEA0A91D49B6}"
EndProject
Global
	GlobalSection(SolutionConfigurationPlatforms) = preSolution
		Debug|Any CPU = Debug|Any CPU
		Release|Any CPU = Release|Any CPU
	EndGlobalSection
	GlobalSection(ProjectConfigurationPlatforms) = postSolution
		{68CC8CFF-81A9-4D31-AFA6-32076E304AAC}.Debug|Any CPU.ActiveCfg = Debug|Any CPU
		{68CC8CFF-81A9-4D31-AFA6-32076E304AAC}.Debug|Any CPU.Build.0 = Debug|Any CPU
		{68CC8CFF-81A9-4D31-AFA6-32076E304AAC}.Release|Any CPU.ActiveCfg = Release|Any CPU
		{68CC8CFF-81A9-4D31-AFA6-32076E304AAC}.Release|Any CPU.Build.0 = Release|Any CPU
		{B5A96A20-AF1D-42E3-A5FD-4EEBA49730D1}.Debug|Any CPU.ActiveCfg = Debug|Any CPU
		{B5A96A20-AF1D-42E3-A5FD-4EEBA49730D1}.Debug|Any CPU.Build.0 = Debug|Any CPU
		{B5A96A20-AF1D-42E3-A5FD-4EEBA49730D1}.Release|Any CPU.ActiveCfg = Release|Any CPU
		{B5A96A20-AF1D-42E3-A5FD-4EEBA49730D1}.Release|Any CPU.Build.0 = Release|Any CPU
		{69BFA68D-5538-4CAE-A92B-E20F189A23DC}.Debug|Any CPU.ActiveCfg = Debug|Any CPU
		{69BFA68D-5538-4CAE-A92B-E20F189A23DC}.Debug|Any CPU.Build.0 = Debug|Any CPU
		{69BFA68D-5538-4CAE-A92B-E20F189A23DC}.Release|Any CPU.ActiveCfg = Release|Any CPU
		{69BFA68D-5538-4CAE-A92B-E20F189A23DC}.Release|Any CPU.Build.0 = Release|Any CPU
		{AE6C4651-E12B-44A8-BCEF-B9CB9FCD647A}.Debug|Any CPU.ActiveCfg = Debug|Any CPU
		{AE6C4651-E12B-44A8-BCEF-B9CB9FCD647A}.Debug|Any CPU.Build.0 = Debug|Any CPU
		{AE6C4651-E12B-44A8-BCEF-B9CB9FCD647A}.Release|Any CPU.ActiveCfg = Release|Any CPU
		{AE6C4651-E12B-44A8-BCEF-B9CB9FCD647A}.Release|Any CPU.Build.0 = Release|Any CPU
		{AB422EA5-98C6-481C-845E-B783F5DB497E}.Debug|Any CPU.ActiveCfg = Debug|Any CPU
		{AB422EA5-98C6-481C-845E-B783F5DB497E}.Debug|Any CPU.Build.0 = Debug|Any CPU
		{AB422EA5-98C6-481C-845E-B783F5DB497E}.Release|Any CPU.ActiveCfg = Release|Any CPU
		{AB422EA5-98C6-481C-845E-B783F5DB497E}.Release|Any CPU.Build.0 = Release|Any CPU
		{18BA5984-BD46-4322-AFCA-4CBDC2625D49}.Debug|Any CPU.ActiveCfg = Debug|Any CPU
		{18BA5984-BD46-4322-AFCA-4CBDC2625D49}.Debug|Any CPU.Build.0 = Debug|Any CPU
		{18BA5984-BD46-4322-AFCA-4CBDC2625D49}.Release|Any CPU.ActiveCfg = Release|Any CPU
		{18BA5984-BD46-4322-AFCA-4CBDC2625D49}.Release|Any CPU.Build.0 = Release|Any CPU
		{A65DA749-C7F2-4E2B-A4EA-B332B86A7382}.Debug|Any CPU.ActiveCfg = Debug|Any CPU
		{A65DA749-C7F2-4E2B-A4EA-B332B86A7382}.Debug|Any CPU.Build.0 = Debug|Any CPU
		{A65DA749-C7F2-4E2B-A4EA-B332B86A7382}.Release|Any CPU.ActiveCfg = Release|Any CPU
		{A65DA749-C7F2-4E2B-A4EA-B332B86A7382}.Release|Any CPU.Build.0 = Release|Any CPU
		{DB1CE61E-5667-4061-AE25-AEE96FF92770}.Debug|Any CPU.ActiveCfg = Debug|Any CPU
		{DB1CE61E-5667-4061-AE25-AEE96FF92770}.Debug|Any CPU.Build.0 = Debug|Any CPU
		{DB1CE61E-5667-4061-AE25-AEE96FF92770}.Release|Any CPU.ActiveCfg = Release|Any CPU
		{DB1CE61E-5667-4061-AE25-AEE96FF92770}.Release|Any CPU.Build.0 = Release|Any CPU
		{A940CFFA-9511-45D1-96FC-828DAC305D1E}.Debug|Any CPU.ActiveCfg = Debug|Any CPU
		{A940CFFA-9511-45D1-96FC-828DAC305D1E}.Debug|Any CPU.Build.0 = Debug|Any CPU
		{A940CFFA-9511-45D1-96FC-828DAC305D1E}.Release|Any CPU.ActiveCfg = Release|Any CPU
		{A940CFFA-9511-45D1-96FC-828DAC305D1E}.Release|Any CPU.Build.0 = Release|Any CPU
		{96255815-9BF9-47BB-A338-E89CF2E5A68F}.Debug|Any CPU.ActiveCfg = Debug|Any CPU
		{96255815-9BF9-47BB-A338-E89CF2E5A68F}.Debug|Any CPU.Build.0 = Debug|Any CPU
		{96255815-9BF9-47BB-A338-E89CF2E5A68F}.Release|Any CPU.ActiveCfg = Release|Any CPU
		{96255815-9BF9-47BB-A338-E89CF2E5A68F}.Release|Any CPU.Build.0 = Release|Any CPU
		{2405DB76-6D1E-48E8-ACDC-AC38AB359D88}.Debug|Any CPU.ActiveCfg = Debug|Any CPU
		{2405DB76-6D1E-48E8-ACDC-AC38AB359D88}.Debug|Any CPU.Build.0 = Debug|Any CPU
		{2405DB76-6D1E-48E8-ACDC-AC38AB359D88}.Release|Any CPU.ActiveCfg = Release|Any CPU
		{2405DB76-6D1E-48E8-ACDC-AC38AB359D88}.Release|Any CPU.Build.0 = Release|Any CPU
		{69C6776B-85E5-4757-8399-D75A59F7ADE8}.Debug|Any CPU.ActiveCfg = Debug|Any CPU
		{69C6776B-85E5-4757-8399-D75A59F7ADE8}.Debug|Any CPU.Build.0 = Debug|Any CPU
		{69C6776B-85E5-4757-8399-D75A59F7ADE8}.Release|Any CPU.ActiveCfg = Release|Any CPU
		{69C6776B-85E5-4757-8399-D75A59F7ADE8}.Release|Any CPU.Build.0 = Release|Any CPU
		{13E4EAFD-AA9F-4820-84A9-1E37A9EEBB53}.Debug|Any CPU.ActiveCfg = Debug|Any CPU
		{13E4EAFD-AA9F-4820-84A9-1E37A9EEBB53}.Debug|Any CPU.Build.0 = Debug|Any CPU
		{13E4EAFD-AA9F-4820-84A9-1E37A9EEBB53}.Release|Any CPU.ActiveCfg = Release|Any CPU
		{13E4EAFD-AA9F-4820-84A9-1E37A9EEBB53}.Release|Any CPU.Build.0 = Release|Any CPU
		{D4746C21-2CC6-4F77-B690-58738C760AD4}.Debug|Any CPU.ActiveCfg = Debug|Any CPU
		{D4746C21-2CC6-4F77-B690-58738C760AD4}.Debug|Any CPU.Build.0 = Debug|Any CPU
		{D4746C21-2CC6-4F77-B690-58738C760AD4}.Release|Any CPU.ActiveCfg = Release|Any CPU
		{D4746C21-2CC6-4F77-B690-58738C760AD4}.Release|Any CPU.Build.0 = Release|Any CPU
		{6D872E55-AEE4-43A9-97A7-E1EE7E639D53}.Debug|Any CPU.ActiveCfg = Debug|Any CPU
		{6D872E55-AEE4-43A9-97A7-E1EE7E639D53}.Debug|Any CPU.Build.0 = Debug|Any CPU
		{6D872E55-AEE4-43A9-97A7-E1EE7E639D53}.Release|Any CPU.ActiveCfg = Release|Any CPU
		{6D872E55-AEE4-43A9-97A7-E1EE7E639D53}.Release|Any CPU.Build.0 = Release|Any CPU
		{38DD6809-6FAE-482D-9B34-D08B79619F5E}.Debug|Any CPU.ActiveCfg = Debug|Any CPU
		{38DD6809-6FAE-482D-9B34-D08B79619F5E}.Debug|Any CPU.Build.0 = Debug|Any CPU
		{38DD6809-6FAE-482D-9B34-D08B79619F5E}.Release|Any CPU.ActiveCfg = Release|Any CPU
		{38DD6809-6FAE-482D-9B34-D08B79619F5E}.Release|Any CPU.Build.0 = Release|Any CPU
		{1CF1F3ED-E684-4A98-9341-2B4EE513134F}.Debug|Any CPU.ActiveCfg = Debug|Any CPU
		{1CF1F3ED-E684-4A98-9341-2B4EE513134F}.Debug|Any CPU.Build.0 = Debug|Any CPU
		{1CF1F3ED-E684-4A98-9341-2B4EE513134F}.Release|Any CPU.ActiveCfg = Release|Any CPU
		{1CF1F3ED-E684-4A98-9341-2B4EE513134F}.Release|Any CPU.Build.0 = Release|Any CPU
		{3F6DE751-5C59-4BD5-BDCC-1C683C6D3269}.Debug|Any CPU.ActiveCfg = Debug|Any CPU
		{3F6DE751-5C59-4BD5-BDCC-1C683C6D3269}.Debug|Any CPU.Build.0 = Debug|Any CPU
		{3F6DE751-5C59-4BD5-BDCC-1C683C6D3269}.Release|Any CPU.ActiveCfg = Release|Any CPU
		{3F6DE751-5C59-4BD5-BDCC-1C683C6D3269}.Release|Any CPU.Build.0 = Release|Any CPU
		{88CFDE9E-814E-4A12-BFD1-0335D1BF313C}.Debug|Any CPU.ActiveCfg = Debug|Any CPU
		{88CFDE9E-814E-4A12-BFD1-0335D1BF313C}.Debug|Any CPU.Build.0 = Debug|Any CPU
		{88CFDE9E-814E-4A12-BFD1-0335D1BF313C}.Release|Any CPU.ActiveCfg = Release|Any CPU
		{88CFDE9E-814E-4A12-BFD1-0335D1BF313C}.Release|Any CPU.Build.0 = Release|Any CPU
		{F14F0E95-6B56-4FA6-933E-083F5D1006A5}.Debug|Any CPU.ActiveCfg = Debug|Any CPU
		{F14F0E95-6B56-4FA6-933E-083F5D1006A5}.Debug|Any CPU.Build.0 = Debug|Any CPU
		{F14F0E95-6B56-4FA6-933E-083F5D1006A5}.Release|Any CPU.ActiveCfg = Release|Any CPU
		{F14F0E95-6B56-4FA6-933E-083F5D1006A5}.Release|Any CPU.Build.0 = Release|Any CPU
		{C1AF0BE6-FB46-413B-BD64-054E3D1CF11B}.Debug|Any CPU.ActiveCfg = Debug|Any CPU
		{C1AF0BE6-FB46-413B-BD64-054E3D1CF11B}.Debug|Any CPU.Build.0 = Debug|Any CPU
		{C1AF0BE6-FB46-413B-BD64-054E3D1CF11B}.Release|Any CPU.ActiveCfg = Release|Any CPU
		{C1AF0BE6-FB46-413B-BD64-054E3D1CF11B}.Release|Any CPU.Build.0 = Release|Any CPU
		{949B5686-8C1A-4107-AF07-DEA0A91D49B6}.Debug|Any CPU.ActiveCfg = Debug|Any CPU
		{949B5686-8C1A-4107-AF07-DEA0A91D49B6}.Debug|Any CPU.Build.0 = Debug|Any CPU
		{949B5686-8C1A-4107-AF07-DEA0A91D49B6}.Release|Any CPU.ActiveCfg = Release|Any CPU
		{949B5686-8C1A-4107-AF07-DEA0A91D49B6}.Release|Any CPU.Build.0 = Release|Any CPU
	EndGlobalSection
	GlobalSection(NestedProjects) = preSolution
		{69BFA68D-5538-4CAE-A92B-E20F189A23DC} = {DF248A03-2083-40AC-AFFA-9EDD01504631}
		{AE6C4651-E12B-44A8-BCEF-B9CB9FCD647A} = {DF248A03-2083-40AC-AFFA-9EDD01504631}
		{AB422EA5-98C6-481C-845E-B783F5DB497E} = {DF248A03-2083-40AC-AFFA-9EDD01504631}
		{18BA5984-BD46-4322-AFCA-4CBDC2625D49} = {DF248A03-2083-40AC-AFFA-9EDD01504631}
		{A65DA749-C7F2-4E2B-A4EA-B332B86A7382} = {DF248A03-2083-40AC-AFFA-9EDD01504631}
		{DB1CE61E-5667-4061-AE25-AEE96FF92770} = {DF248A03-2083-40AC-AFFA-9EDD01504631}
		{A940CFFA-9511-45D1-96FC-828DAC305D1E} = {DF248A03-2083-40AC-AFFA-9EDD01504631}
		{96255815-9BF9-47BB-A338-E89CF2E5A68F} = {DF248A03-2083-40AC-AFFA-9EDD01504631}
		{2405DB76-6D1E-48E8-ACDC-AC38AB359D88} = {DF248A03-2083-40AC-AFFA-9EDD01504631}
		{69C6776B-85E5-4757-8399-D75A59F7ADE8} = {DF248A03-2083-40AC-AFFA-9EDD01504631}
		{13E4EAFD-AA9F-4820-84A9-1E37A9EEBB53} = {DF248A03-2083-40AC-AFFA-9EDD01504631}
		{D4746C21-2CC6-4F77-B690-58738C760AD4} = {DF248A03-2083-40AC-AFFA-9EDD01504631}
		{6D872E55-AEE4-43A9-97A7-E1EE7E639D53} = {DF248A03-2083-40AC-AFFA-9EDD01504631}
		{38DD6809-6FAE-482D-9B34-D08B79619F5E} = {DF248A03-2083-40AC-AFFA-9EDD01504631}
		{1CF1F3ED-E684-4A98-9341-2B4EE513134F} = {DF248A03-2083-40AC-AFFA-9EDD01504631}
		{3F6DE751-5C59-4BD5-BDCC-1C683C6D3269} = {DF248A03-2083-40AC-AFFA-9EDD01504631}
		{88CFDE9E-814E-4A12-BFD1-0335D1BF313C} = {DF248A03-2083-40AC-AFFA-9EDD01504631}
		{F14F0E95-6B56-4FA6-933E-083F5D1006A5} = {DF248A03-2083-40AC-AFFA-9EDD01504631}
		{C1AF0BE6-FB46-413B-BD64-054E3D1CF11B} = {DF248A03-2083-40AC-AFFA-9EDD01504631}
		{949B5686-8C1A-4107-AF07-DEA0A91D49B6} = {DF248A03-2083-40AC-AFFA-9EDD01504631}
	EndGlobalSection
EndGlobal
